
Microsoft Visual Studio Solution File, Format Version 12.00
# Visual Studio 2013
VisualStudioVersion = 12.0.21005.1
MinimumVisualStudioVersion = 10.0.40219.1
Project("{F184B08F-C81C-45F6-A57F-5ABD9991F28F}") = "DemoNotacionBigO", "DemoNotacionBigO\DemoNotacionBigO.vbproj", "{EE55E420-22AB-4758-8DF0-FE6EFD38F07D}"
EndProject
Project("{F184B08F-C81C-45F6-A57F-5ABD9991F28F}") = "DemoExtraWPF", "DemoExtraWPF\DemoExtraWPF.vbproj", "{A8010010-B5E9-4C05-86F9-CC9D929661EC}"
EndProject
Global
	GlobalSection(SolutionConfigurationPlatforms) = preSolution
		Debug|Any CPU = Debug|Any CPU
		Release|Any CPU = Release|Any CPU
	EndGlobalSection
	GlobalSection(ProjectConfigurationPlatforms) = postSolution
		{EE55E420-22AB-4758-8DF0-FE6EFD38F07D}.Debug|Any CPU.ActiveCfg = Debug|Any CPU
		{EE55E420-22AB-4758-8DF0-FE6EFD38F07D}.Debug|Any CPU.Build.0 = Debug|Any CPU
		{EE55E420-22AB-4758-8DF0-FE6EFD38F07D}.Release|Any CPU.ActiveCfg = Release|Any CPU
		{EE55E420-22AB-4758-8DF0-FE6EFD38F07D}.Release|Any CPU.Build.0 = Release|Any CPU
		{A8010010-B5E9-4C05-86F9-CC9D929661EC}.Debug|Any CPU.ActiveCfg = Debug|Any CPU
		{A8010010-B5E9-4C05-86F9-CC9D929661EC}.Debug|Any CPU.Build.0 = Debug|Any CPU
		{A8010010-B5E9-4C05-86F9-CC9D929661EC}.Release|Any CPU.ActiveCfg = Release|Any CPU
		{A8010010-B5E9-4C05-86F9-CC9D929661EC}.Release|Any CPU.Build.0 = Release|Any CPU
	EndGlobalSection
	GlobalSection(SolutionProperties) = preSolution
		HideSolutionNode = FALSE
	EndGlobalSection
EndGlobal
